// !$*UTF8*$!
{
	archiveVersion = 1;
	classes = {
	};
	objectVersion = 50;
	objects = {

/* Begin PBXBuildFile section */
		78556361251AB2FC00E58899 /* AppDelegate.swift in Sources */ = {isa = PBXBuildFile; fileRef = 78556360251AB2FC00E58899 /* AppDelegate.swift */; };
		78556365251AB2FC00E58899 /* MovieViewController.swift in Sources */ = {isa = PBXBuildFile; fileRef = 78556364251AB2FC00E58899 /* MovieViewController.swift */; };
		78556368251AB2FC00E58899 /* Main.storyboard in Resources */ = {isa = PBXBuildFile; fileRef = 78556366251AB2FC00E58899 /* Main.storyboard */; };
		7855636A251AB30300E58899 /* Assets.xcassets in Resources */ = {isa = PBXBuildFile; fileRef = 78556369251AB30300E58899 /* Assets.xcassets */; };
		7855636D251AB30300E58899 /* LaunchScreen.storyboard in Resources */ = {isa = PBXBuildFile; fileRef = 7855636B251AB30300E58899 /* LaunchScreen.storyboard */; };
		785933B8251F639B00230FF7 /* MoviesLib.xcdatamodeld in Sources */ = {isa = PBXBuildFile; fileRef = 785933B6251F639B00230FF7 /* MoviesLib.xcdatamodeld */; };
		785933BD251F83DD00230FF7 /* MovieFormViewController.swift in Sources */ = {isa = PBXBuildFile; fileRef = 785933BC251F83DD00230FF7 /* MovieFormViewController.swift */; };
		785933C3251F92C100230FF7 /* UIViewController+context.swift in Sources */ = {isa = PBXBuildFile; fileRef = 785933C2251F92C100230FF7 /* UIViewController+context.swift */; };
		785933C8251FB13A00230FF7 /* CategoriesTableViewController.swift in Sources */ = {isa = PBXBuildFile; fileRef = 785933C7251FB13A00230FF7 /* CategoriesTableViewController.swift */; };
		785933CF251FCA9E00230FF7 /* MapViewController.swift in Sources */ = {isa = PBXBuildFile; fileRef = 785933CE251FCA9E00230FF7 /* MapViewController.swift */; };
		78B2416C251D715E0071FD65 /* MoviesTableViewController.swift in Sources */ = {isa = PBXBuildFile; fileRef = 78B2416B251D715E0071FD65 /* MoviesTableViewController.swift */; };
		78B24172251D7A9A0071FD65 /* MovieTableViewCell.swift in Sources */ = {isa = PBXBuildFile; fileRef = 78B24171251D7A9A0071FD65 /* MovieTableViewCell.swift */; };
		78B24176251D7D810071FD65 /* Movie+RatingFormatted.swift in Sources */ = {isa = PBXBuildFile; fileRef = 78B24175251D7D810071FD65 /* Movie+RatingFormatted.swift */; };
/* End PBXBuildFile section */

/* Begin PBXFileReference section */
		7855635D251AB2FC00E58899 /* MoviesLib.app */ = {isa = PBXFileReference; explicitFileType = wrapper.application; includeInIndex = 0; path = MoviesLib.app; sourceTree = BUILT_PRODUCTS_DIR; };
		78556360251AB2FC00E58899 /* AppDelegate.swift */ = {isa = PBXFileReference; lastKnownFileType = sourcecode.swift; path = AppDelegate.swift; sourceTree = "<group>"; };
		78556364251AB2FC00E58899 /* MovieViewController.swift */ = {isa = PBXFileReference; lastKnownFileType = sourcecode.swift; path = MovieViewController.swift; sourceTree = "<group>"; };
		78556367251AB2FC00E58899 /* Base */ = {isa = PBXFileReference; lastKnownFileType = file.storyboard; name = Base; path = Base.lproj/Main.storyboard; sourceTree = "<group>"; };
		78556369251AB30300E58899 /* Assets.xcassets */ = {isa = PBXFileReference; lastKnownFileType = folder.assetcatalog; path = Assets.xcassets; sourceTree = "<group>"; };
		7855636C251AB30300E58899 /* Base */ = {isa = PBXFileReference; lastKnownFileType = file.storyboard; name = Base; path = Base.lproj/LaunchScreen.storyboard; sourceTree = "<group>"; };
		7855636E251AB30300E58899 /* Info.plist */ = {isa = PBXFileReference; lastKnownFileType = text.plist.xml; path = Info.plist; sourceTree = "<group>"; };
		785933B7251F639B00230FF7 /* MoviesLib.xcdatamodel */ = {isa = PBXFileReference; lastKnownFileType = wrapper.xcdatamodel; path = MoviesLib.xcdatamodel; sourceTree = "<group>"; };
		785933BC251F83DD00230FF7 /* MovieFormViewController.swift */ = {isa = PBXFileReference; lastKnownFileType = sourcecode.swift; path = MovieFormViewController.swift; sourceTree = "<group>"; };
		785933C2251F92C100230FF7 /* UIViewController+context.swift */ = {isa = PBXFileReference; lastKnownFileType = sourcecode.swift; path = "UIViewController+context.swift"; sourceTree = "<group>"; };
		785933C7251FB13A00230FF7 /* CategoriesTableViewController.swift */ = {isa = PBXFileReference; lastKnownFileType = sourcecode.swift; path = CategoriesTableViewController.swift; sourceTree = "<group>"; };
		785933CE251FCA9E00230FF7 /* MapViewController.swift */ = {isa = PBXFileReference; lastKnownFileType = sourcecode.swift; path = MapViewController.swift; sourceTree = "<group>"; };
		78B2416B251D715E0071FD65 /* MoviesTableViewController.swift */ = {isa = PBXFileReference; lastKnownFileType = sourcecode.swift; path = MoviesTableViewController.swift; sourceTree = "<group>"; };
		78B24171251D7A9A0071FD65 /* MovieTableViewCell.swift */ = {isa = PBXFileReference; lastKnownFileType = sourcecode.swift; path = MovieTableViewCell.swift; sourceTree = "<group>"; };
		78B24175251D7D810071FD65 /* Movie+RatingFormatted.swift */ = {isa = PBXFileReference; lastKnownFileType = sourcecode.swift; path = "Movie+RatingFormatted.swift"; sourceTree = "<group>"; };
/* End PBXFileReference section */

/* Begin PBXFrameworksBuildPhase section */
		7855635A251AB2FC00E58899 /* Frameworks */ = {
			isa = PBXFrameworksBuildPhase;
			buildActionMask = 2147483647;
			files = (
			);
			runOnlyForDeploymentPostprocessing = 0;
		};
/* End PBXFrameworksBuildPhase section */

/* Begin PBXGroup section */
		78556354251AB2FC00E58899 = {
			isa = PBXGroup;
			children = (
				7855635F251AB2FC00E58899 /* MoviesLib */,
				7855635E251AB2FC00E58899 /* Products */,
			);
			sourceTree = "<group>";
		};
		7855635E251AB2FC00E58899 /* Products */ = {
			isa = PBXGroup;
			children = (
				7855635D251AB2FC00E58899 /* MoviesLib.app */,
			);
			name = Products;
			sourceTree = "<group>";
		};
		7855635F251AB2FC00E58899 /* MoviesLib */ = {
			isa = PBXGroup;
			children = (
				785933CB251FCA3C00230FF7 /* Map */,
				785933C5251FB11000230FF7 /* Categories */,
				785933BA251F83A100230FF7 /* MovieForm */,
				78B24169251D71230071FD65 /* MovieListing */,
				788D5587251D554E0034CA3A /* Files */,
				788D5586251D552D0034CA3A /* Main */,
				788D5588251D55920034CA3A /* MovieVisualization */,
				78556366251AB2FC00E58899 /* Main.storyboard */,
				78B24174251D7D400071FD65 /* Extensions */,
				788D558A251D55F10034CA3A /* SupportingFiles */,
			);
			path = MoviesLib;
			sourceTree = "<group>";
		};
		785933BA251F83A100230FF7 /* MovieForm */ = {
			isa = PBXGroup;
			children = (
				785933BB251F83B800230FF7 /* Controller */,
			);
			path = MovieForm;
			sourceTree = "<group>";
		};
		785933BB251F83B800230FF7 /* Controller */ = {
			isa = PBXGroup;
			children = (
				785933BC251F83DD00230FF7 /* MovieFormViewController.swift */,
			);
			path = Controller;
			sourceTree = "<group>";
		};
		785933C5251FB11000230FF7 /* Categories */ = {
			isa = PBXGroup;
			children = (
				785933C6251FB11B00230FF7 /* Controller */,
			);
			path = Categories;
			sourceTree = "<group>";
		};
		785933C6251FB11B00230FF7 /* Controller */ = {
			isa = PBXGroup;
			children = (
				785933C7251FB13A00230FF7 /* CategoriesTableViewController.swift */,
			);
			path = Controller;
			sourceTree = "<group>";
		};
		785933CB251FCA3C00230FF7 /* Map */ = {
			isa = PBXGroup;
			children = (
				785933CD251FCA8A00230FF7 /* Controller */,
			);
			path = Map;
			sourceTree = "<group>";
		};
		785933CD251FCA8A00230FF7 /* Controller */ = {
			isa = PBXGroup;
			children = (
				785933CE251FCA9E00230FF7 /* MapViewController.swift */,
			);
			path = Controller;
			sourceTree = "<group>";
		};
		788D5586251D552D0034CA3A /* Main */ = {
			isa = PBXGroup;
			children = (
				78556360251AB2FC00E58899 /* AppDelegate.swift */,
			);
			path = Main;
			sourceTree = "<group>";
		};
		788D5587251D554E0034CA3A /* Files */ = {
			isa = PBXGroup;
			children = (
				785933B6251F639B00230FF7 /* MoviesLib.xcdatamodeld */,
			);
			path = Files;
			sourceTree = "<group>";
		};
		788D5588251D55920034CA3A /* MovieVisualization */ = {
			isa = PBXGroup;
			children = (
				788D558B251D5C4E0034CA3A /* Model */,
				788D5589251D55B80034CA3A /* Controller */,
			);
			path = MovieVisualization;
			sourceTree = "<group>";
		};
		788D5589251D55B80034CA3A /* Controller */ = {
			isa = PBXGroup;
			children = (
				78556364251AB2FC00E58899 /* MovieViewController.swift */,
			);
			path = Controller;
			sourceTree = "<group>";
		};
		788D558A251D55F10034CA3A /* SupportingFiles */ = {
			isa = PBXGroup;
			children = (
				78556369251AB30300E58899 /* Assets.xcassets */,
				7855636B251AB30300E58899 /* LaunchScreen.storyboard */,
				7855636E251AB30300E58899 /* Info.plist */,
			);
			path = SupportingFiles;
			sourceTree = "<group>";
		};
		788D558B251D5C4E0034CA3A /* Model */ = {
			isa = PBXGroup;
			children = (
			);
			path = Model;
			sourceTree = "<group>";
		};
		78B24169251D71230071FD65 /* MovieListing */ = {
			isa = PBXGroup;
			children = (
				78B2416F251D7A720071FD65 /* View */,
				78B2416A251D713D0071FD65 /* Controller */,
			);
			path = MovieListing;
			sourceTree = "<group>";
		};
		78B2416A251D713D0071FD65 /* Controller */ = {
			isa = PBXGroup;
			children = (
				78B2416B251D715E0071FD65 /* MoviesTableViewController.swift */,
			);
			path = Controller;
			sourceTree = "<group>";
		};
		78B2416F251D7A720071FD65 /* View */ = {
			isa = PBXGroup;
			children = (
				78B24171251D7A9A0071FD65 /* MovieTableViewCell.swift */,
			);
			path = View;
			sourceTree = "<group>";
		};
		78B24174251D7D400071FD65 /* Extensions */ = {
			isa = PBXGroup;
			children = (
				78B24175251D7D810071FD65 /* Movie+RatingFormatted.swift */,
				785933C2251F92C100230FF7 /* UIViewController+context.swift */,
			);
			path = Extensions;
			sourceTree = "<group>";
		};
/* End PBXGroup section */

/* Begin PBXNativeTarget section */
		7855635C251AB2FC00E58899 /* MoviesLib */ = {
			isa = PBXNativeTarget;
			buildConfigurationList = 78556371251AB30300E58899 /* Build configuration list for PBXNativeTarget "MoviesLib" */;
			buildPhases = (
				78556359251AB2FC00E58899 /* Sources */,
				7855635A251AB2FC00E58899 /* Frameworks */,
				7855635B251AB2FC00E58899 /* Resources */,
			);
			buildRules = (
			);
			dependencies = (
			);
			name = MoviesLib;
			productName = MoviesLib;
			productReference = 7855635D251AB2FC00E58899 /* MoviesLib.app */;
			productType = "com.apple.product-type.application";
		};
/* End PBXNativeTarget section */

/* Begin PBXProject section */
		78556355251AB2FC00E58899 /* Project object */ = {
			isa = PBXProject;
			attributes = {
				LastSwiftUpdateCheck = 1160;
				LastUpgradeCheck = 1160;
				ORGANIZATIONNAME = "Welton Dornelas";
				TargetAttributes = {
					7855635C251AB2FC00E58899 = {
						CreatedOnToolsVersion = 11.6;
					};
				};
			};
			buildConfigurationList = 78556358251AB2FC00E58899 /* Build configuration list for PBXProject "MoviesLib" */;
			compatibilityVersion = "Xcode 9.3";
			developmentRegion = en;
			hasScannedForEncodings = 0;
			knownRegions = (
				en,
				Base,
			);
			mainGroup = 78556354251AB2FC00E58899;
			productRefGroup = 7855635E251AB2FC00E58899 /* Products */;
			projectDirPath = "";
			projectRoot = "";
			targets = (
				7855635C251AB2FC00E58899 /* MoviesLib */,
			);
		};
/* End PBXProject section */

/* Begin PBXResourcesBuildPhase section */
		7855635B251AB2FC00E58899 /* Resources */ = {
			isa = PBXResourcesBuildPhase;
			buildActionMask = 2147483647;
			files = (
				7855636D251AB30300E58899 /* LaunchScreen.storyboard in Resources */,
				7855636A251AB30300E58899 /* Assets.xcassets in Resources */,
				78556368251AB2FC00E58899 /* Main.storyboard in Resources */,
			);
			runOnlyForDeploymentPostprocessing = 0;
		};
/* End PBXResourcesBuildPhase section */

/* Begin PBXSourcesBuildPhase section */
		78556359251AB2FC00E58899 /* Sources */ = {
			isa = PBXSourcesBuildPhase;
			buildActionMask = 2147483647;
			files = (
				785933B8251F639B00230FF7 /* MoviesLib.xcdatamodeld in Sources */,
				78B24172251D7A9A0071FD65 /* MovieTableViewCell.swift in Sources */,
				78B2416C251D715E0071FD65 /* MoviesTableViewController.swift in Sources */,
				785933CF251FCA9E00230FF7 /* MapViewController.swift in Sources */,
				785933BD251F83DD00230FF7 /* MovieFormViewController.swift in Sources */,
				78B24176251D7D810071FD65 /* Movie+RatingFormatted.swift in Sources */,
				78556365251AB2FC00E58899 /* MovieViewController.swift in Sources */,
				785933C8251FB13A00230FF7 /* CategoriesTableViewController.swift in Sources */,
				785933C3251F92C100230FF7 /* UIViewController+context.swift in Sources */,
				78556361251AB2FC00E58899 /* AppDelegate.swift in Sources */,
			);
			runOnlyForDeploymentPostprocessing = 0;
		};
/* End PBXSourcesBuildPhase section */

/* Begin PBXVariantGroup section */
		78556366251AB2FC00E58899 /* Main.storyboard */ = {
			isa = PBXVariantGroup;
			children = (
				78556367251AB2FC00E58899 /* Base */,
			);
			name = Main.storyboard;
			sourceTree = "<group>";
		};
		7855636B251AB30300E58899 /* LaunchScreen.storyboard */ = {
			isa = PBXVariantGroup;
			children = (
				7855636C251AB30300E58899 /* Base */,
			);
			name = LaunchScreen.storyboard;
			sourceTree = "<group>";
		};
/* End PBXVariantGroup section */

/* Begin XCBuildConfiguration section */
		7855636F251AB30300E58899 /* Debug */ = {
			isa = XCBuildConfiguration;
			buildSettings = {
				ALWAYS_SEARCH_USER_PATHS = NO;
				CLANG_ANALYZER_NONNULL = YES;
				CLANG_ANALYZER_NUMBER_OBJECT_CONVERSION = YES_AGGRESSIVE;
				CLANG_CXX_LANGUAGE_STANDARD = "gnu++14";
				CLANG_CXX_LIBRARY = "libc++";
				CLANG_ENABLE_MODULES = YES;
				CLANG_ENABLE_OBJC_ARC = YES;
				CLANG_ENABLE_OBJC_WEAK = YES;
				CLANG_WARN_BLOCK_CAPTURE_AUTORELEASING = YES;
				CLANG_WARN_BOOL_CONVERSION = YES;
				CLANG_WARN_COMMA = YES;
				CLANG_WARN_CONSTANT_CONVERSION = YES;
				CLANG_WARN_DEPRECATED_OBJC_IMPLEMENTATIONS = YES;
				CLANG_WARN_DIRECT_OBJC_ISA_USAGE = YES_ERROR;
				CLANG_WARN_DOCUMENTATION_COMMENTS = YES;
				CLANG_WARN_EMPTY_BODY = YES;
				CLANG_WARN_ENUM_CONVERSION = YES;
				CLANG_WARN_INFINITE_RECURSION = YES;
				CLANG_WARN_INT_CONVERSION = YES;
				CLANG_WARN_NON_LITERAL_NULL_CONVERSION = YES;
				CLANG_WARN_OBJC_IMPLICIT_RETAIN_SELF = YES;
				CLANG_WARN_OBJC_LITERAL_CONVERSION = YES;
				CLANG_WARN_OBJC_ROOT_CLASS = YES_ERROR;
				CLANG_WARN_RANGE_LOOP_ANALYSIS = YES;
				CLANG_WARN_STRICT_PROTOTYPES = YES;
				CLANG_WARN_SUSPICIOUS_MOVE = YES;
				CLANG_WARN_UNGUARDED_AVAILABILITY = YES_AGGRESSIVE;
				CLANG_WARN_UNREACHABLE_CODE = YES;
				CLANG_WARN__DUPLICATE_METHOD_MATCH = YES;
				COPY_PHASE_STRIP = NO;
				DEBUG_INFORMATION_FORMAT = dwarf;
				ENABLE_STRICT_OBJC_MSGSEND = YES;
				ENABLE_TESTABILITY = YES;
				GCC_C_LANGUAGE_STANDARD = gnu11;
				GCC_DYNAMIC_NO_PIC = NO;
				GCC_NO_COMMON_BLOCKS = YES;
				GCC_OPTIMIZATION_LEVEL = 0;
				GCC_PREPROCESSOR_DEFINITIONS = (
					"DEBUG=1",
					"$(inherited)",
				);
				GCC_WARN_64_TO_32_BIT_CONVERSION = YES;
				GCC_WARN_ABOUT_RETURN_TYPE = YES_ERROR;
				GCC_WARN_UNDECLARED_SELECTOR = YES;
				GCC_WARN_UNINITIALIZED_AUTOS = YES_AGGRESSIVE;
				GCC_WARN_UNUSED_FUNCTION = YES;
				GCC_WARN_UNUSED_VARIABLE = YES;
				IPHONEOS_DEPLOYMENT_TARGET = 13.6;
				MTL_ENABLE_DEBUG_INFO = INCLUDE_SOURCE;
				MTL_FAST_MATH = YES;
				ONLY_ACTIVE_ARCH = YES;
				SDKROOT = iphoneos;
				SWIFT_ACTIVE_COMPILATION_CONDITIONS = DEBUG;
				SWIFT_OPTIMIZATION_LEVEL = "-Onone";
			};
			name = Debug;
		};
		78556370251AB30300E58899 /* Release */ = {
			isa = XCBuildConfiguration;
			buildSettings = {
				ALWAYS_SEARCH_USER_PATHS = NO;
				CLANG_ANALYZER_NONNULL = YES;
				CLANG_ANALYZER_NUMBER_OBJECT_CONVERSION = YES_AGGRESSIVE;
				CLANG_CXX_LANGUAGE_STANDARD = "gnu++14";
				CLANG_CXX_LIBRARY = "libc++";
				CLANG_ENABLE_MODULES = YES;
				CLANG_ENABLE_OBJC_ARC = YES;
				CLANG_ENABLE_OBJC_WEAK = YES;
				CLANG_WARN_BLOCK_CAPTURE_AUTORELEASING = YES;
				CLANG_WARN_BOOL_CONVERSION = YES;
				CLANG_WARN_COMMA = YES;
				CLANG_WARN_CONSTANT_CONVERSION = YES;
				CLANG_WARN_DEPRECATED_OBJC_IMPLEMENTATIONS = YES;
				CLANG_WARN_DIRECT_OBJC_ISA_USAGE = YES_ERROR;
				CLANG_WARN_DOCUMENTATION_COMMENTS = YES;
				CLANG_WARN_EMPTY_BODY = YES;
				CLANG_WARN_ENUM_CONVERSION = YES;
				CLANG_WARN_INFINITE_RECURSION = YES;
				CLANG_WARN_INT_CONVERSION = YES;
				CLANG_WARN_NON_LITERAL_NULL_CONVERSION = YES;
				CLANG_WARN_OBJC_IMPLICIT_RETAIN_SELF = YES;
				CLANG_WARN_OBJC_LITERAL_CONVERSION = YES;
				CLANG_WARN_OBJC_ROOT_CLASS = YES_ERROR;
				CLANG_WARN_RANGE_LOOP_ANALYSIS = YES;
				CLANG_WARN_STRICT_PROTOTYPES = YES;
				CLANG_WARN_SUSPICIOUS_MOVE = YES;
				CLANG_WARN_UNGUARDED_AVAILABILITY = YES_AGGRESSIVE;
				CLANG_WARN_UNREACHABLE_CODE = YES;
				CLANG_WARN__DUPLICATE_METHOD_MATCH = YES;
				COPY_PHASE_STRIP = NO;
				DEBUG_INFORMATION_FORMAT = "dwarf-with-dsym";
				ENABLE_NS_ASSERTIONS = NO;
				ENABLE_STRICT_OBJC_MSGSEND = YES;
				GCC_C_LANGUAGE_STANDARD = gnu11;
				GCC_NO_COMMON_BLOCKS = YES;
				GCC_WARN_64_TO_32_BIT_CONVERSION = YES;
				GCC_WARN_ABOUT_RETURN_TYPE = YES_ERROR;
				GCC_WARN_UNDECLARED_SELECTOR = YES;
				GCC_WARN_UNINITIALIZED_AUTOS = YES_AGGRESSIVE;
				GCC_WARN_UNUSED_FUNCTION = YES;
				GCC_WARN_UNUSED_VARIABLE = YES;
				IPHONEOS_DEPLOYMENT_TARGET = 13.6;
				MTL_ENABLE_DEBUG_INFO = NO;
				MTL_FAST_MATH = YES;
				SDKROOT = iphoneos;
				SWIFT_COMPILATION_MODE = wholemodule;
				SWIFT_OPTIMIZATION_LEVEL = "-O";
				VALIDATE_PRODUCT = YES;
			};
			name = Release;
		};
		78556372251AB30300E58899 /* Debug */ = {
			isa = XCBuildConfiguration;
			buildSettings = {
				ASSETCATALOG_COMPILER_APPICON_NAME = AppIcon;
				CODE_SIGN_STYLE = Automatic;
				DEVELOPMENT_TEAM = L4M86B8J34;
				INFOPLIST_FILE = MoviesLib/SupportingFiles/Info.plist;
				LD_RUNPATH_SEARCH_PATHS = (
					"$(inherited)",
					"@executable_path/Frameworks",
				);
				PRODUCT_BUNDLE_IDENTIFIER = br.com.welton.MoviesLib;
				PRODUCT_NAME = "$(TARGET_NAME)";
				SWIFT_VERSION = 5.0;
				TARGETED_DEVICE_FAMILY = "1,2";
			};
			name = Debug;
		};
		78556373251AB30300E58899 /* Release */ = {
			isa = XCBuildConfiguration;
			buildSettings = {
				ASSETCATALOG_COMPILER_APPICON_NAME = AppIcon;
				CODE_SIGN_STYLE = Automatic;
				DEVELOPMENT_TEAM = L4M86B8J34;
				INFOPLIST_FILE = MoviesLib/SupportingFiles/Info.plist;
				LD_RUNPATH_SEARCH_PATHS = (
					"$(inherited)",
					"@executable_path/Frameworks",
				);
				PRODUCT_BUNDLE_IDENTIFIER = br.com.welton.MoviesLib;
				PRODUCT_NAME = "$(TARGET_NAME)";
				SWIFT_VERSION = 5.0;
				TARGETED_DEVICE_FAMILY = "1,2";
			};
			name = Release;
		};
/* End XCBuildConfiguration section */

/* Begin XCConfigurationList section */
		78556358251AB2FC00E58899 /* Build configuration list for PBXProject "MoviesLib" */ = {
			isa = XCConfigurationList;
			buildConfigurations = (
				7855636F251AB30300E58899 /* Debug */,
				78556370251AB30300E58899 /* Release */,
			);
			defaultConfigurationIsVisible = 0;
			defaultConfigurationName = Release;
		};
		78556371251AB30300E58899 /* Build configuration list for PBXNativeTarget "MoviesLib" */ = {
			isa = XCConfigurationList;
			buildConfigurations = (
				78556372251AB30300E58899 /* Debug */,
				78556373251AB30300E58899 /* Release */,
			);
			defaultConfigurationIsVisible = 0;
			defaultConfigurationName = Release;
		};
/* End XCConfigurationList section */

/* Begin XCVersionGroup section */
		785933B6251F639B00230FF7 /* MoviesLib.xcdatamodeld */ = {
			isa = XCVersionGroup;
			children = (
				785933B7251F639B00230FF7 /* MoviesLib.xcdatamodel */,
			);
			currentVersion = 785933B7251F639B00230FF7 /* MoviesLib.xcdatamodel */;
			path = MoviesLib.xcdatamodeld;
			sourceTree = "<group>";
			versionGroupType = wrapper.xcdatamodel;
		};
/* End XCVersionGroup section */
	};
	rootObject = 78556355251AB2FC00E58899 /* Project object */;
}
